
Microsoft Visual Studio Solution File, Format Version 12.00
# Visual Studio Version 17
VisualStudioVersion = 17.0.31903.59
MinimumVisualStudioVersion = 10.0.40219.1
Project("{2150E333-8FDC-42A3-9474-1A3956D46DE8}") = "Exercise6", "Exercise6", "{029DCF2B-B03A-45C5-A944-E558E54C0998}"
EndProject
Project("{FAE04EC0-301F-11D3-BF4B-00C04F79EFBC}") = "LibraryManagement.Domain", "Exercise6\LibraryManagement.Domain\LibraryManagement.Domain.csproj", "{D10002F4-BDB9-4C6C-877D-41F83F634150}"
EndProject
Project("{FAE04EC0-301F-11D3-BF4B-00C04F79EFBC}") = "LibraryManagement.Application", "Exercise6\LibraryManagement.Application\LibraryManagement.Application.csproj", "{460CEC88-6B00-49A5-A734-4C7380323364}"
EndProject
Project("{FAE04EC0-301F-11D3-BF4B-00C04F79EFBC}") = "LibraryManagement.Infrastructure", "Exercise6\LibraryManagement.Infrastructure\LibraryManagement.Infrastructure.csproj", "{C7417EC0-752B-4E4A-8063-88201502871F}"
EndProject
Project("{FAE04EC0-301F-11D3-BF4B-00C04F79EFBC}") = "LibraryManagement.Console", "Exercise6\LibraryManagement.Console\LibraryManagement.Console.csproj", "{FD0D213A-EA7E-4F1C-9915-BF7D558E5F71}"
EndProject
Global
	GlobalSection(SolutionConfigurationPlatforms) = preSolution
		Debug|Any CPU = Debug|Any CPU
		Release|Any CPU = Release|Any CPU
	EndGlobalSection
	GlobalSection(SolutionProperties) = preSolution
		HideSolutionNode = FALSE
	EndGlobalSection
	GlobalSection(ProjectConfigurationPlatforms) = postSolution
		{D10002F4-BDB9-4C6C-877D-41F83F634150}.Debug|Any CPU.ActiveCfg = Debug|Any CPU
		{D10002F4-BDB9-4C6C-877D-41F83F634150}.Debug|Any CPU.Build.0 = Debug|Any CPU
		{D10002F4-BDB9-4C6C-877D-41F83F634150}.Release|Any CPU.ActiveCfg = Release|Any CPU
		{D10002F4-BDB9-4C6C-877D-41F83F634150}.Release|Any CPU.Build.0 = Release|Any CPU
		{460CEC88-6B00-49A5-A734-4C7380323364}.Debug|Any CPU.ActiveCfg = Debug|Any CPU
		{460CEC88-6B00-49A5-A734-4C7380323364}.Debug|Any CPU.Build.0 = Debug|Any CPU
		{460CEC88-6B00-49A5-A734-4C7380323364}.Release|Any CPU.ActiveCfg = Release|Any CPU
		{460CEC88-6B00-49A5-A734-4C7380323364}.Release|Any CPU.Build.0 = Release|Any CPU
		{C7417EC0-752B-4E4A-8063-88201502871F}.Debug|Any CPU.ActiveCfg = Debug|Any CPU
		{C7417EC0-752B-4E4A-8063-88201502871F}.Debug|Any CPU.Build.0 = Debug|Any CPU
		{C7417EC0-752B-4E4A-8063-88201502871F}.Release|Any CPU.ActiveCfg = Release|Any CPU
		{C7417EC0-752B-4E4A-8063-88201502871F}.Release|Any CPU.Build.0 = Release|Any CPU
		{FD0D213A-EA7E-4F1C-9915-BF7D558E5F71}.Debug|Any CPU.ActiveCfg = Debug|Any CPU
		{FD0D213A-EA7E-4F1C-9915-BF7D558E5F71}.Debug|Any CPU.Build.0 = Debug|Any CPU
		{FD0D213A-EA7E-4F1C-9915-BF7D558E5F71}.Release|Any CPU.ActiveCfg = Release|Any CPU
		{FD0D213A-EA7E-4F1C-9915-BF7D558E5F71}.Release|Any CPU.Build.0 = Release|Any CPU
	EndGlobalSection
	GlobalSection(NestedProjects) = preSolution
		{D10002F4-BDB9-4C6C-877D-41F83F634150} = {029DCF2B-B03A-45C5-A944-E558E54C0998}
		{460CEC88-6B00-49A5-A734-4C7380323364} = {029DCF2B-B03A-45C5-A944-E558E54C0998}
		{C7417EC0-752B-4E4A-8063-88201502871F} = {029DCF2B-B03A-45C5-A944-E558E54C0998}
		{FD0D213A-EA7E-4F1C-9915-BF7D558E5F71} = {029DCF2B-B03A-45C5-A944-E558E54C0998}
	EndGlobalSection
EndGlobal
